<?xml version="1.0" encoding="utf-8"?>
<Project ToolsVersion="4.0" xmlns="http://schemas.microsoft.com/developer/msbuild/2003">
  <ItemGroup>
    <Filter Include="src">
      <UniqueIdentifier>{21FD04AA-2FE4-D548-80E5-5D11F45A027C}</UniqueIdentifier>
    </Filter>
    <Filter Include="src\perf_test">
      <UniqueIdentifier>{BB27F1DE-019A-E541-AAC6-4ABB7198CD68}</UniqueIdentifier>
    </Filter>
    <Filter Include="src\common">
      <UniqueIdentifier>{9CC3675D-1C4C-4640-B649-A8E691892C66}</UniqueIdentifier>
    </Filter>
  </ItemGroup>
  <ItemGroup>
    <ClCompile Include="..\..\src\perf_test\test_perf_SOIL2.cpp">
      <Filter>src\perf_test</Filter>
    </ClCompile>
    <ClCompile Include="..\..\src\common\common.cpp">
      <Filter>src\common</Filter>
    </ClCompile>
  </ItemGroup>
</Project>
