<?xml version="1.0" encoding="utf-8"?>
<Project ToolsVersion="4.0" xmlns="http://schemas.microsoft.com/developer/msbuild/2003">
  <ItemGroup>
    <Filter Include="src">
      <UniqueIdentifier>{0F98CDF9-2497-BE4C-86A9-F3BECE3CDA05}</UniqueIdentifier>
    </Filter>
    <Filter Include="src\test">
      <UniqueIdentifier>{306BC4DB-862B-124F-8E64-2A8BB5125973}</UniqueIdentifier>
    </Filter>
    <Filter Include="src\common">
      <UniqueIdentifier>{53F8BB07-2C23-5E42-86DC-1B3D5A9EB99D}</UniqueIdentifier>
    </Filter>
  </ItemGroup>
  <ItemGroup>
    <ClCompile Include="..\..\src\test\test_SOIL2.cpp">
      <Filter>src\test</Filter>
    </ClCompile>
    <ClCompile Include="..\..\src\common\common.cpp">
      <Filter>src\common</Filter>
    </ClCompile>
  </ItemGroup>
</Project>
